
Microsoft Visual Studio Solution File, Format Version 12.00
# Visual Studio Version 17
VisualStudioVersion = 17.5.002.0
MinimumVisualStudioVersion = 10.0.40219.1
Project("{9A19103F-16F7-4668-BE54-9A1E7A4F7556}") = "test_project", "test_project.csproj", "{841F007B-81AF-4845-9388-466069064D11}"
EndProject
Global
	GlobalSection(SolutionConfigurationPlatforms) = preSolution
		Debug|Any CPU = Debug|Any CPU
		Release|Any CPU = Release|Any CPU
	EndGlobalSection
	GlobalSection(ProjectConfigurationPlatforms) = postSolution
		{841F007B-81AF-4845-9388-466069064D11}.Debug|Any CPU.ActiveCfg = Debug|Any CPU
		{841F007B-81AF-4845-9388-466069064D11}.Debug|Any CPU.Build.0 = Debug|Any CPU
		{841F007B-81AF-4845-9388-466069064D11}.Release|Any CPU.ActiveCfg = Release|Any CPU
		{841F007B-81AF-4845-9388-466069064D11}.Release|Any CPU.Build.0 = Release|Any CPU
	EndGlobalSection
	GlobalSection(SolutionProperties) = preSolution
		HideSolutionNode = FALSE
	EndGlobalSection
	GlobalSection(ExtensibilityGlobals) = postSolution
		SolutionGuid = {5E18AF9F-5A5E-4017-9E02-501AC5892B86}
	EndGlobalSection
EndGlobal
